{"version":4,"terraform_version":"1.11.4","serial":2,"lineage":"bfdc0575-d9f6-d139-41a1-de028a482cf9","outputs":{"ssh_port":{"value":30715,"type":"number"}},"resources":[{"mode":"managed","type":"kubernetes_deployment_v1","name":"ssh_box","provider":"provider[\"registry.opentofu.org/hashicorp/kubernetes\"]","instances":[{"schema_version":1,"attributes":{"id":"default/ssh-server","metadata":[{"annotations":null,"generate_name":"","generation":1,"labels":{"app":"bronce-ssh","owner":"1"},"name":"ssh-server","namespace":"default","resource_version":"1018","uid":"37c1648f-66c4-46e4-a900-9f3f7d4d2926"}],"spec":[{"min_ready_seconds":0,"paused":false,"progress_deadline_seconds":600,"replicas":"1","revision_history_limit":10,"selector":[{"match_expressions":[],"match_labels":{"app":"bronce-ssh"}}],"strategy":[{"rolling_update":[{"max_surge":"25%","max_unavailable":"25%"}],"type":"RollingUpdate"}],"template":[{"metadata":[{"annotations":null,"generate_name":"","generation":0,"labels":{"app":"bronce-ssh","owner":"1"},"name":"","namespace":"","resource_version":"","uid":""}],"spec":[{"active_deadline_seconds":0,"affinity":[],"automount_service_account_token":true,"container":[{"args":null,"command":null,"env":[{"name":"USER_NAME","value":"admin_sylo","value_from":[]},{"name":"USER_PASSWORD","value":"660fb1d27ca38a54","value_from":[]},{"name":"PASSWORD_ACCESS","value":"true","value_from":[]},{"name":"SUDO_ACCESS","value":"true","value_from":[]}],"env_from":[],"image":"lscr.io/linuxserver/openssh-server:latest","image_pull_policy":"Always","lifecycle":[],"liveness_probe":[],"name":"terminal","port":[{"container_port":2222,"host_ip":"","host_port":0,"name":"","protocol":"TCP"}],"readiness_probe":[{"exec":[],"failure_threshold":3,"grpc":[],"http_get":[],"initial_delay_seconds":5,"period_seconds":2,"success_threshold":1,"tcp_socket":[{"port":"2222"}],"timeout_seconds":1}],"resources":[{"limits":{"cpu":"500m","memory":"512Mi"},"requests":{}}],"restart_policy":"","security_context":[],"startup_probe":[],"stdin":false,"stdin_once":false,"termination_message_path":"/dev/termination-log","termination_message_policy":"File","tty":false,"volume_device":[],"volume_mount":[],"working_dir":""}],"dns_config":[],"dns_policy":"ClusterFirst","enable_service_links":true,"host_aliases":[],"host_ipc":false,"host_network":false,"host_pid":false,"hostname":"","image_pull_secrets":[],"init_container":[],"node_name":"","node_selector":null,"os":[],"priority_class_name":"","readiness_gate":[],"restart_policy":"Always","runtime_class_name":"","scheduler_name":"default-scheduler","security_context":[],"service_account_name":"","share_process_namespace":false,"subdomain":"","termination_grace_period_seconds":30,"toleration":[],"topology_spread_constraint":[],"volume":[]}]}]}],"timeouts":null,"wait_for_rollout":true},"sensitive_attributes":[[{"type":"get_attr","value":"spec"},{"type":"index","value":{"value":0,"type":"number"}},{"type":"get_attr","value":"template"},{"type":"index","value":{"value":0,"type":"number"}},{"type":"get_attr","value":"spec"},{"type":"index","value":{"value":0,"type":"number"}},{"type":"get_attr","value":"container"},{"type":"index","value":{"value":0,"type":"number"}},{"type":"get_attr","value":"env"},{"type":"index","value":{"value":1,"type":"number"}},{"type":"get_attr","value":"value"}]],"private":"eyJlMmJmYjczMC1lY2FhLTExZTYtOGY4OC0zNDM2M2JjN2M0YzAiOnsiY3JlYXRlIjo2MDAwMDAwMDAwMDAsImRlbGV0ZSI6NjAwMDAwMDAwMDAwLCJ1cGRhdGUiOjYwMDAwMDAwMDAwMH0sInNjaGVtYV92ZXJzaW9uIjoiMSJ9"}]},{"mode":"managed","type":"kubernetes_network_policy_v1","name":"aislamiento","provider":"provider[\"registry.opentofu.org/hashicorp/kubernetes\"]","instances":[{"schema_version":0,"attributes":{"id":"default/aislamiento-usuario","metadata":[{"annotations":null,"generate_name":"","generation":1,"labels":null,"name":"aislamiento-usuario","namespace":"default","resource_version":"601","uid":"86ae91d1-bdf6-4d9b-b249-9ab59fa32c1f"}],"spec":[{"egress":[],"ingress":[{"from":[{"ip_block":[],"namespace_selector":[],"pod_selector":[{"match_expressions":[],"match_labels":{"owner":"1"}}]}],"ports":[]},{"from":[{"ip_block":[{"cidr":"0.0.0.0/0","except":null}],"namespace_selector":[],"pod_selector":[]}],"ports":[{"end_port":0,"port":"2222","protocol":"TCP"}]}],"pod_selector":[{"match_expressions":[],"match_labels":null}],"policy_types":["Ingress"]}]},"sensitive_attributes":[],"private":"bnVsbA=="}]},{"mode":"managed","type":"kubernetes_service_v1","name":"ssh_service","provider":"provider[\"registry.opentofu.org/hashicorp/kubernetes\"]","instances":[{"schema_version":1,"attributes":{"id":"default/ssh-access","metadata":[{"annotations":null,"generate_name":"","generation":0,"labels":{"owner":"1"},"name":"ssh-access","namespace":"default","resource_version":"604","uid":"20c119d6-f253-4c13-a284-d9925c6047e2"}],"spec":[{"allocate_load_balancer_node_ports":true,"cluster_ip":"10.103.214.232","cluster_ips":["10.103.214.232"],"external_ips":null,"external_name":"","external_traffic_policy":"Cluster","health_check_node_port":0,"internal_traffic_policy":"Cluster","ip_families":["IPv4"],"ip_family_policy":"SingleStack","load_balancer_class":"","load_balancer_ip":"","load_balancer_source_ranges":null,"port":[{"app_protocol":"","name":"","node_port":30715,"port":22,"protocol":"TCP","target_port":"2222"}],"publish_not_ready_addresses":false,"selector":{"app":"bronce-ssh"},"session_affinity":"None","session_affinity_config":[],"type":"NodePort"}],"status":[{"load_balancer":[{"ingress":[]}]}],"timeouts":null,"wait_for_load_balancer":true},"sensitive_attributes":[],"private":"eyJlMmJmYjczMC1lY2FhLTExZTYtOGY4OC0zNDM2M2JjN2M0YzAiOnsiY3JlYXRlIjo2MDAwMDAwMDAwMDB9LCJzY2hlbWFfdmVyc2lvbiI6IjEifQ=="}]}],"check_results":null}
