{"version":4,"terraform_version":"1.10.7","serial":1,"lineage":"7c7f821a-e53b-e1df-ace5-56816b24ea1b","outputs":{"ssh_port":{"value":32349,"type":"number"}},"resources":[{"mode":"managed","type":"kubernetes_deployment","name":"ssh_box","provider":"provider[\"registry.opentofu.org/hashicorp/kubernetes\"]","instances":[{"schema_version":1,"attributes":{"id":"default/ssh-server","metadata":[{"annotations":null,"generate_name":"","generation":1,"labels":{"app":"ssh"},"name":"ssh-server","namespace":"default","resource_version":"445","uid":"9d0ab904-b98b-43ca-a19a-36671317b8e9"}],"spec":[{"min_ready_seconds":0,"paused":false,"progress_deadline_seconds":600,"replicas":"1","revision_history_limit":10,"selector":[{"match_expressions":[],"match_labels":{"app":"ssh"}}],"strategy":[{"rolling_update":[{"max_surge":"25%","max_unavailable":"25%"}],"type":"RollingUpdate"}],"template":[{"metadata":[{"annotations":null,"generate_name":"","generation":0,"labels":{"app":"ssh"},"name":"","namespace":"","resource_version":"","uid":""}],"spec":[{"active_deadline_seconds":0,"affinity":[],"automount_service_account_token":true,"container":[{"args":null,"command":null,"env":[{"name":"USER_NAME","value":"cliente","value_from":[]},{"name":"USER_PASSWORD","value":"wbLvVZrDPB2VcAF+","value_from":[]},{"name":"PASSWORD_ACCESS","value":"true","value_from":[]},{"name":"SUDO_ACCESS","value":"true","value_from":[]}],"env_from":[],"image":"lscr.io/linuxserver/openssh-server:latest","image_pull_policy":"Always","lifecycle":[],"liveness_probe":[],"name":"ubuntu-ssh","port":[{"container_port":2222,"host_ip":"","host_port":0,"name":"","protocol":"TCP"}],"readiness_probe":[],"resources":[{"limits":{},"requests":{}}],"restart_policy":"","security_context":[],"startup_probe":[],"stdin":false,"stdin_once":false,"termination_message_path":"/dev/termination-log","termination_message_policy":"File","tty":false,"volume_device":[],"volume_mount":[],"working_dir":""}],"dns_config":[],"dns_policy":"ClusterFirst","enable_service_links":true,"host_aliases":[],"host_ipc":false,"host_network":false,"host_pid":false,"hostname":"","image_pull_secrets":[],"init_container":[],"node_name":"","node_selector":null,"os":[],"priority_class_name":"","readiness_gate":[],"restart_policy":"Always","runtime_class_name":"","scheduler_name":"default-scheduler","security_context":[],"service_account_name":"","share_process_namespace":false,"subdomain":"","termination_grace_period_seconds":30,"toleration":[],"topology_spread_constraint":[],"volume":[]}]}]}],"timeouts":null,"wait_for_rollout":true},"sensitive_attributes":[[{"type":"get_attr","value":"spec"},{"type":"index","value":{"value":0,"type":"number"}},{"type":"get_attr","value":"template"},{"type":"index","value":{"value":0,"type":"number"}},{"type":"get_attr","value":"spec"},{"type":"index","value":{"value":0,"type":"number"}},{"type":"get_attr","value":"container"},{"type":"index","value":{"value":0,"type":"number"}},{"type":"get_attr","value":"env"},{"type":"index","value":{"value":1,"type":"number"}},{"type":"get_attr","value":"value"}]],"private":"eyJlMmJmYjczMC1lY2FhLTExZTYtOGY4OC0zNDM2M2JjN2M0YzAiOnsiY3JlYXRlIjo2MDAwMDAwMDAwMDAsImRlbGV0ZSI6NjAwMDAwMDAwMDAwLCJ1cGRhdGUiOjYwMDAwMDAwMDAwMH0sInNjaGVtYV92ZXJzaW9uIjoiMSJ9"}]},{"mode":"managed","type":"kubernetes_service","name":"ssh_service","provider":"provider[\"registry.opentofu.org/hashicorp/kubernetes\"]","instances":[{"schema_version":1,"attributes":{"id":"default/ssh-access","metadata":[{"annotations":null,"generate_name":"","generation":0,"labels":null,"name":"ssh-access","namespace":"default","resource_version":"417","uid":"93b68968-6952-451f-90b9-3789502f6f67"}],"spec":[{"allocate_load_balancer_node_ports":true,"cluster_ip":"10.106.62.239","cluster_ips":["10.106.62.239"],"external_ips":null,"external_name":"","external_traffic_policy":"Cluster","health_check_node_port":0,"internal_traffic_policy":"Cluster","ip_families":["IPv4"],"ip_family_policy":"SingleStack","load_balancer_class":"","load_balancer_ip":"","load_balancer_source_ranges":null,"port":[{"app_protocol":"","name":"","node_port":32349,"port":22,"protocol":"TCP","target_port":"2222"}],"publish_not_ready_addresses":false,"selector":{"app":"ssh"},"session_affinity":"None","session_affinity_config":[],"type":"NodePort"}],"status":[{"load_balancer":[{"ingress":[]}]}],"timeouts":null,"wait_for_load_balancer":true},"sensitive_attributes":[],"private":"eyJlMmJmYjczMC1lY2FhLTExZTYtOGY4OC0zNDM2M2JjN2M0YzAiOnsiY3JlYXRlIjo2MDAwMDAwMDAwMDB9LCJzY2hlbWFfdmVyc2lvbiI6IjEifQ=="}]}],"check_results":null}
