{"version":4,"terraform_version":"1.11.4","serial":3,"lineage":"6b843491-81a9-e94e-31c3-02cb73f3d864","outputs":{"ssh_port":{"value":31602,"type":"number"},"ssh_user":{"value":"admin_sylo","type":"string"},"web_port":{"value":31662,"type":"number"}},"resources":[{"mode":"managed","type":"kubernetes_config_map_v1","name":"web_content","provider":"provider[\"registry.opentofu.org/hashicorp/kubernetes\"]","instances":[{"schema_version":0,"attributes":{"binary_data":null,"data":{"index.html":"\u003c!DOCTYPE html\u003e\n\u003chtml lang=\"es\"\u003e\n\u003chead\u003e\u003ctitle\u003enoseque - Sylo Oro\u003c/title\u003e\u003c/head\u003e\n\u003cbody style=\"text-align:center; padding:50px; font-family: sans-serif; background: #f0f9ff;\"\u003e\n  \u003ch1 style=\"color:#d4af37;\"\u003e🥇 Plan ORO Activo\u003c/h1\u003e\n  \u003ch2\u003esylo_web\u003c/h2\u003e\n  \u003cp\u003eDominio: \u003cb\u003enoseque.sylobi.org\u003c/b\u003e\u003c/p\u003e\n  \u003chr\u003e\n  \u003cp\u003eBase de Datos: \u003cb\u003esylo_db\u003c/b\u003e (HA Cluster)\u003c/p\u003e\n  \u003cp\u003eImagen Base: nginx:latest\u003c/p\u003e\n  \u003cp\u003ePuerto Interno Container: 80\u003c/p\u003e\n  \u003cp\u003e\u003csmall\u003eOwner ID: 4\u003c/small\u003e\u003c/p\u003e\n\u003c/body\u003e\n\u003c/html\u003e\n"},"id":"default/web-content-config","immutable":false,"metadata":[{"annotations":null,"generate_name":"","generation":0,"labels":null,"name":"web-content-config","namespace":"default","resource_version":"1154","uid":"ef6b14eb-7595-4979-a8dc-ea6d9ae64588"}]},"sensitive_attributes":[],"private":"bnVsbA=="}]},{"mode":"managed","type":"kubernetes_deployment_v1","name":"ssh_server","provider":"provider[\"registry.opentofu.org/hashicorp/kubernetes\"]","instances":[{"schema_version":1,"attributes":{"id":"default/ssh-server","metadata":[{"annotations":null,"generate_name":"","generation":1,"labels":{"cluster":"sylo-cliente-46","owner":"4"},"name":"ssh-server","namespace":"default","resource_version":"1273","uid":"b0523542-d64e-4972-afee-097dfda43b09"}],"spec":[{"min_ready_seconds":0,"paused":false,"progress_deadline_seconds":600,"replicas":"1","revision_history_limit":10,"selector":[{"match_expressions":[],"match_labels":{"app":"ssh-server"}}],"strategy":[{"rolling_update":[{"max_surge":"25%","max_unavailable":"25%"}],"type":"RollingUpdate"}],"template":[{"metadata":[{"annotations":null,"generate_name":"","generation":0,"labels":{"app":"ssh-server","owner":"4"},"name":"","namespace":"","resource_version":"","uid":""}],"spec":[{"active_deadline_seconds":0,"affinity":[],"automount_service_account_token":true,"container":[{"args":null,"command":null,"env":[{"name":"PASSWORD_ACCESS","value":"true","value_from":[]},{"name":"USER_PASSWORD","value":"937c6788474feeed","value_from":[]},{"name":"USER_NAME","value":"admin_sylo","value_from":[]},{"name":"SUDO_ACCESS","value":"true","value_from":[]}],"env_from":[],"image":"lscr.io/linuxserver/openssh-server:latest","image_pull_policy":"IfNotPresent","lifecycle":[],"liveness_probe":[],"name":"openssh","port":[{"container_port":2222,"host_ip":"","host_port":0,"name":"","protocol":"TCP"}],"readiness_probe":[],"resources":[{"limits":{},"requests":{}}],"restart_policy":"","security_context":[],"startup_probe":[],"stdin":false,"stdin_once":false,"termination_message_path":"/dev/termination-log","termination_message_policy":"File","tty":false,"volume_device":[],"volume_mount":[],"working_dir":""}],"dns_config":[],"dns_policy":"ClusterFirst","enable_service_links":true,"host_aliases":[],"host_ipc":false,"host_network":false,"host_pid":false,"hostname":"","image_pull_secrets":[],"init_container":[],"node_name":"","node_selector":null,"os":[],"priority_class_name":"","readiness_gate":[],"restart_policy":"Always","runtime_class_name":"","scheduler_name":"default-scheduler","security_context":[],"service_account_name":"","share_process_namespace":false,"subdomain":"","termination_grace_period_seconds":30,"toleration":[],"topology_spread_constraint":[],"volume":[]}]}]}],"timeouts":null,"wait_for_rollout":true},"sensitive_attributes":[[{"type":"get_attr","value":"spec"},{"type":"index","value":{"value":0,"type":"number"}},{"type":"get_attr","value":"template"},{"type":"index","value":{"value":0,"type":"number"}},{"type":"get_attr","value":"spec"},{"type":"index","value":{"value":0,"type":"number"}},{"type":"get_attr","value":"container"},{"type":"index","value":{"value":0,"type":"number"}},{"type":"get_attr","value":"env"},{"type":"index","value":{"value":1,"type":"number"}},{"type":"get_attr","value":"value"}]],"private":"eyJlMmJmYjczMC1lY2FhLTExZTYtOGY4OC0zNDM2M2JjN2M0YzAiOnsiY3JlYXRlIjo2MDAwMDAwMDAwMDAsImRlbGV0ZSI6NjAwMDAwMDAwMDAwLCJ1cGRhdGUiOjYwMDAwMDAwMDAwMH0sInNjaGVtYV92ZXJzaW9uIjoiMSJ9"}]},{"mode":"managed","type":"kubernetes_deployment_v1","name":"web_ha","provider":"provider[\"registry.opentofu.org/hashicorp/kubernetes\"]","instances":[{"schema_version":1,"attributes":{"id":"default/nginx-ha","metadata":[{"annotations":null,"generate_name":"","generation":1,"labels":{"cluster":"sylo-cliente-46","owner":"4"},"name":"nginx-ha","namespace":"default","resource_version":"1331","uid":"7592efff-897b-43d7-8e33-b6fdcec9728f"}],"spec":[{"min_ready_seconds":0,"paused":false,"progress_deadline_seconds":600,"replicas":"2","revision_history_limit":10,"selector":[{"match_expressions":[],"match_labels":{"app":"web-cliente"}}],"strategy":[{"rolling_update":[{"max_surge":"25%","max_unavailable":"25%"}],"type":"RollingUpdate"}],"template":[{"metadata":[{"annotations":null,"generate_name":"","generation":0,"labels":{"app":"web-cliente","owner":"4"},"name":"","namespace":"","resource_version":"","uid":""}],"spec":[{"active_deadline_seconds":0,"affinity":[],"automount_service_account_token":true,"container":[{"args":null,"command":null,"env":[],"env_from":[],"image":"nginx:latest","image_pull_policy":"IfNotPresent","lifecycle":[],"liveness_probe":[{"exec":[],"failure_threshold":3,"grpc":[],"http_get":[{"host":"","http_header":[],"path":"/","port":"80","scheme":"HTTP"}],"initial_delay_seconds":15,"period_seconds":20,"success_threshold":1,"tcp_socket":[],"timeout_seconds":1}],"name":"nginx","port":[{"container_port":80,"host_ip":"","host_port":0,"name":"","protocol":"TCP"}],"readiness_probe":[{"exec":[],"failure_threshold":3,"grpc":[],"http_get":[{"host":"","http_header":[],"path":"/","port":"80","scheme":"HTTP"}],"initial_delay_seconds":5,"period_seconds":10,"success_threshold":1,"tcp_socket":[],"timeout_seconds":1}],"resources":[{"limits":{},"requests":{}}],"restart_policy":"","security_context":[],"startup_probe":[],"stdin":false,"stdin_once":false,"termination_message_path":"/dev/termination-log","termination_message_policy":"File","tty":false,"volume_device":[],"volume_mount":[{"mount_path":"/usr/share/nginx/html","mount_propagation":"None","name":"html-volume","read_only":false,"sub_path":"","sub_path_expr":""}],"working_dir":""}],"dns_config":[],"dns_policy":"ClusterFirst","enable_service_links":true,"host_aliases":[],"host_ipc":false,"host_network":false,"host_pid":false,"hostname":"","image_pull_secrets":[],"init_container":[],"node_name":"","node_selector":null,"os":[],"priority_class_name":"","readiness_gate":[],"restart_policy":"Always","runtime_class_name":"","scheduler_name":"default-scheduler","security_context":[],"service_account_name":"","share_process_namespace":false,"subdomain":"","termination_grace_period_seconds":30,"toleration":[],"topology_spread_constraint":[],"volume":[{"aws_elastic_block_store":[],"azure_disk":[],"azure_file":[],"ceph_fs":[],"cinder":[],"config_map":[{"default_mode":"0644","items":[],"name":"web-content-config","optional":false}],"csi":[],"downward_api":[],"empty_dir":[],"ephemeral":[],"fc":[],"flex_volume":[],"flocker":[],"gce_persistent_disk":[],"git_repo":[],"glusterfs":[],"host_path":[],"iscsi":[],"local":[],"name":"html-volume","nfs":[],"persistent_volume_claim":[],"photon_persistent_disk":[],"projected":[],"quobyte":[],"rbd":[],"secret":[],"vsphere_volume":[]}]}]}]}],"timeouts":null,"wait_for_rollout":true},"sensitive_attributes":[],"private":"eyJlMmJmYjczMC1lY2FhLTExZTYtOGY4OC0zNDM2M2JjN2M0YzAiOnsiY3JlYXRlIjo2MDAwMDAwMDAwMDAsImRlbGV0ZSI6NjAwMDAwMDAwMDAwLCJ1cGRhdGUiOjYwMDAwMDAwMDAwMH0sInNjaGVtYV92ZXJzaW9uIjoiMSJ9"}]},{"mode":"managed","type":"kubernetes_network_policy_v1","name":"aislamiento_oro","provider":"provider[\"registry.opentofu.org/hashicorp/kubernetes\"]","instances":[{"schema_version":0,"attributes":{"id":"default/aislamiento-oro","metadata":[{"annotations":null,"generate_name":"","generation":1,"labels":null,"name":"aislamiento-oro","namespace":"default","resource_version":"1152","uid":"6115c5ec-f92b-4a23-8b84-0c8abae9fda4"}],"spec":[{"egress":[],"ingress":[{"from":[{"ip_block":[],"namespace_selector":[],"pod_selector":[{"match_expressions":[],"match_labels":{"owner":"4"}}]}],"ports":[]},{"from":[{"ip_block":[{"cidr":"0.0.0.0/0","except":null}],"namespace_selector":[],"pod_selector":[]}],"ports":[{"end_port":0,"port":"2222","protocol":"TCP"},{"end_port":0,"port":"80","protocol":"TCP"}]}],"pod_selector":[{"match_expressions":[],"match_labels":null}],"policy_types":["Ingress"]}]},"sensitive_attributes":[],"private":"bnVsbA=="}]},{"mode":"managed","type":"kubernetes_service_v1","name":"mysql_master_service","provider":"provider[\"registry.opentofu.org/hashicorp/kubernetes\"]","instances":[{"schema_version":1,"attributes":{"id":"default/mysql-master","metadata":[{"annotations":null,"generate_name":"","generation":0,"labels":{"app":"mysql","cluster":"sylo-cliente-46","owner":"4","role":"master"},"name":"mysql-master","namespace":"default","resource_version":"1159","uid":"9a1af553-89cc-422f-b86b-a5bc56f6580b"}],"spec":[{"allocate_load_balancer_node_ports":true,"cluster_ip":"10.106.141.96","cluster_ips":["10.106.141.96"],"external_ips":null,"external_name":"","external_traffic_policy":"","health_check_node_port":0,"internal_traffic_policy":"Cluster","ip_families":["IPv4"],"ip_family_policy":"SingleStack","load_balancer_class":"","load_balancer_ip":"","load_balancer_source_ranges":null,"port":[{"app_protocol":"","name":"","node_port":0,"port":3306,"protocol":"TCP","target_port":"3306"}],"publish_not_ready_addresses":false,"selector":{"app":"mysql","cluster":"sylo-cliente-46","role":"master"},"session_affinity":"None","session_affinity_config":[],"type":"ClusterIP"}],"status":[{"load_balancer":[{"ingress":[]}]}],"timeouts":null,"wait_for_load_balancer":true},"sensitive_attributes":[],"private":"eyJlMmJmYjczMC1lY2FhLTExZTYtOGY4OC0zNDM2M2JjN2M0YzAiOnsiY3JlYXRlIjo2MDAwMDAwMDAwMDB9LCJzY2hlbWFfdmVyc2lvbiI6IjEifQ=="}]},{"mode":"managed","type":"kubernetes_service_v1","name":"ssh_server_service","provider":"provider[\"registry.opentofu.org/hashicorp/kubernetes\"]","instances":[{"schema_version":1,"attributes":{"id":"default/ssh-server-service","metadata":[{"annotations":null,"generate_name":"","generation":0,"labels":{"owner":"4"},"name":"ssh-server-service","namespace":"default","resource_version":"1157","uid":"12db1f28-fa2d-4a4e-8c9a-f9b28e635366"}],"spec":[{"allocate_load_balancer_node_ports":true,"cluster_ip":"10.101.186.166","cluster_ips":["10.101.186.166"],"external_ips":null,"external_name":"","external_traffic_policy":"Cluster","health_check_node_port":0,"internal_traffic_policy":"Cluster","ip_families":["IPv4"],"ip_family_policy":"SingleStack","load_balancer_class":"","load_balancer_ip":"","load_balancer_source_ranges":null,"port":[{"app_protocol":"","name":"","node_port":31602,"port":22,"protocol":"TCP","target_port":"2222"}],"publish_not_ready_addresses":false,"selector":{"app":"ssh-server"},"session_affinity":"None","session_affinity_config":[],"type":"NodePort"}],"status":[{"load_balancer":[{"ingress":[]}]}],"timeouts":null,"wait_for_load_balancer":true},"sensitive_attributes":[],"private":"eyJlMmJmYjczMC1lY2FhLTExZTYtOGY4OC0zNDM2M2JjN2M0YzAiOnsiY3JlYXRlIjo2MDAwMDAwMDAwMDB9LCJzY2hlbWFfdmVyc2lvbiI6IjEifQ=="}]},{"mode":"managed","type":"kubernetes_service_v1","name":"web_service","provider":"provider[\"registry.opentofu.org/hashicorp/kubernetes\"]","instances":[{"schema_version":1,"attributes":{"id":"default/web-service","metadata":[{"annotations":null,"generate_name":"","generation":0,"labels":{"owner":"4"},"name":"web-service","namespace":"default","resource_version":"1165","uid":"f354103c-a8d9-4f2e-86bb-f30009ce89b6"}],"spec":[{"allocate_load_balancer_node_ports":true,"cluster_ip":"10.103.156.144","cluster_ips":["10.103.156.144"],"external_ips":null,"external_name":"","external_traffic_policy":"Cluster","health_check_node_port":0,"internal_traffic_policy":"Cluster","ip_families":["IPv4"],"ip_family_policy":"SingleStack","load_balancer_class":"","load_balancer_ip":"","load_balancer_source_ranges":null,"port":[{"app_protocol":"","name":"","node_port":31662,"port":80,"protocol":"TCP","target_port":"80"}],"publish_not_ready_addresses":false,"selector":{"app":"web-cliente"},"session_affinity":"None","session_affinity_config":[],"type":"NodePort"}],"status":[{"load_balancer":[{"ingress":[]}]}],"timeouts":null,"wait_for_load_balancer":true},"sensitive_attributes":[],"private":"eyJlMmJmYjczMC1lY2FhLTExZTYtOGY4OC0zNDM2M2JjN2M0YzAiOnsiY3JlYXRlIjo2MDAwMDAwMDAwMDB9LCJzY2hlbWFfdmVyc2lvbiI6IjEifQ=="}]},{"mode":"managed","type":"kubernetes_stateful_set_v1","name":"mysql_master","provider":"provider[\"registry.opentofu.org/hashicorp/kubernetes\"]","instances":[{"schema_version":1,"attributes":{"id":"default/mysql-master","metadata":[{"annotations":null,"generate_name":"","generation":1,"labels":{"app":"mysql","cluster":"sylo-cliente-46","owner":"4","role":"master"},"name":"mysql-master","namespace":"default","resource_version":"1340","uid":"72463e8e-6be6-47aa-bec1-eb4e4972c2e4"}],"spec":[{"min_ready_seconds":0,"persistent_volume_claim_retention_policy":[{"when_deleted":"Retain","when_scaled":"Retain"}],"pod_management_policy":"OrderedReady","replicas":"1","revision_history_limit":0,"selector":[{"match_expressions":[],"match_labels":{"app":"mysql","cluster":"sylo-cliente-46","role":"master"}}],"service_name":"mysql-master","template":[{"metadata":[{"annotations":null,"generate_name":"","generation":0,"labels":{"app":"mysql","cluster":"sylo-cliente-46","owner":"4","role":"master"},"name":"","namespace":"","resource_version":"","uid":""}],"spec":[{"active_deadline_seconds":0,"affinity":[],"automount_service_account_token":true,"container":[{"args":["--server-id=1","--log-bin=mysql-bin","--binlog-do-db=sylo_db","--max_allowed_packet=32M","--gtid_mode=ON","--enforce-gtid-consistency=ON"],"command":null,"env":[{"name":"MYSQL_ROOT_PASSWORD","value":"password_root","value_from":[]},{"name":"MYSQL_DATABASE","value":"sylo_db","value_from":[]}],"env_from":[],"image":"mysql:5.7","image_pull_policy":"IfNotPresent","lifecycle":[],"liveness_probe":[],"name":"mysql","port":[{"container_port":3306,"host_ip":"","host_port":0,"name":"","protocol":"TCP"}],"readiness_probe":[{"exec":[{"command":["mysqladmin","ping","-h","localhost","-u","root","-ppassword_root"]}],"failure_threshold":3,"grpc":[],"http_get":[],"initial_delay_seconds":20,"period_seconds":5,"success_threshold":1,"tcp_socket":[],"timeout_seconds":1}],"resources":[{"limits":{},"requests":{}}],"restart_policy":"","security_context":[],"startup_probe":[],"stdin":false,"stdin_once":false,"termination_message_path":"/dev/termination-log","termination_message_policy":"File","tty":false,"volume_device":[],"volume_mount":[],"working_dir":""}],"dns_config":[],"dns_policy":"ClusterFirst","enable_service_links":true,"host_aliases":[],"host_ipc":false,"host_network":false,"host_pid":false,"hostname":"","image_pull_secrets":[],"init_container":[],"node_name":"","node_selector":null,"os":[],"priority_class_name":"","readiness_gate":[],"restart_policy":"Always","runtime_class_name":"","scheduler_name":"default-scheduler","security_context":[],"service_account_name":"","share_process_namespace":false,"subdomain":"","termination_grace_period_seconds":30,"toleration":[],"topology_spread_constraint":[],"volume":[]}]}],"update_strategy":[],"volume_claim_template":[]}],"timeouts":null,"wait_for_rollout":true},"sensitive_attributes":[],"private":"eyJlMmJmYjczMC1lY2FhLTExZTYtOGY4OC0zNDM2M2JjN2M0YzAiOnsiY3JlYXRlIjo2MDAwMDAwMDAwMDAsImRlbGV0ZSI6NjAwMDAwMDAwMDAwLCJyZWFkIjo2MDAwMDAwMDAwMDAsInVwZGF0ZSI6NjAwMDAwMDAwMDAwfSwic2NoZW1hX3ZlcnNpb24iOiIxIn0="}]},{"mode":"managed","type":"kubernetes_stateful_set_v1","name":"mysql_slave","provider":"provider[\"registry.opentofu.org/hashicorp/kubernetes\"]","instances":[{"schema_version":1,"attributes":{"id":"default/mysql-slave","metadata":[{"annotations":null,"generate_name":"","generation":1,"labels":{"app":"mysql","cluster":"sylo-cliente-46","owner":"4","role":"slave"},"name":"mysql-slave","namespace":"default","resource_version":"1344","uid":"3127c222-f4a8-4efb-b9a3-7b7320e07852"}],"spec":[{"min_ready_seconds":0,"persistent_volume_claim_retention_policy":[{"when_deleted":"Retain","when_scaled":"Retain"}],"pod_management_policy":"OrderedReady","replicas":"1","revision_history_limit":0,"selector":[{"match_expressions":[],"match_labels":{"app":"mysql","cluster":"sylo-cliente-46","role":"slave"}}],"service_name":"mysql-master","template":[{"metadata":[{"annotations":null,"generate_name":"","generation":0,"labels":{"app":"mysql","cluster":"sylo-cliente-46","owner":"4","role":"slave"},"name":"","namespace":"","resource_version":"","uid":""}],"spec":[{"active_deadline_seconds":0,"affinity":[],"automount_service_account_token":true,"container":[{"args":["--server-id=2","--gtid_mode=ON","--enforce-gtid-consistency=ON","--read_only=ON"],"command":null,"env":[{"name":"MYSQL_ROOT_PASSWORD","value":"password_root","value_from":[]}],"env_from":[],"image":"mysql:5.7","image_pull_policy":"IfNotPresent","lifecycle":[],"liveness_probe":[],"name":"mysql","port":[{"container_port":3306,"host_ip":"","host_port":0,"name":"","protocol":"TCP"}],"readiness_probe":[{"exec":[{"command":["mysqladmin","ping","-h","localhost","-u","root","-ppassword_root"]}],"failure_threshold":3,"grpc":[],"http_get":[],"initial_delay_seconds":20,"period_seconds":5,"success_threshold":1,"tcp_socket":[],"timeout_seconds":1}],"resources":[{"limits":{},"requests":{}}],"restart_policy":"","security_context":[],"startup_probe":[],"stdin":false,"stdin_once":false,"termination_message_path":"/dev/termination-log","termination_message_policy":"File","tty":false,"volume_device":[],"volume_mount":[],"working_dir":""}],"dns_config":[],"dns_policy":"ClusterFirst","enable_service_links":true,"host_aliases":[],"host_ipc":false,"host_network":false,"host_pid":false,"hostname":"","image_pull_secrets":[],"init_container":[],"node_name":"","node_selector":null,"os":[],"priority_class_name":"","readiness_gate":[],"restart_policy":"Always","runtime_class_name":"","scheduler_name":"default-scheduler","security_context":[],"service_account_name":"","share_process_namespace":false,"subdomain":"","termination_grace_period_seconds":30,"toleration":[],"topology_spread_constraint":[],"volume":[]}]}],"update_strategy":[],"volume_claim_template":[]}],"timeouts":null,"wait_for_rollout":true},"sensitive_attributes":[],"private":"eyJlMmJmYjczMC1lY2FhLTExZTYtOGY4OC0zNDM2M2JjN2M0YzAiOnsiY3JlYXRlIjo2MDAwMDAwMDAwMDAsImRlbGV0ZSI6NjAwMDAwMDAwMDAwLCJyZWFkIjo2MDAwMDAwMDAwMDAsInVwZGF0ZSI6NjAwMDAwMDAwMDAwfSwic2NoZW1hX3ZlcnNpb24iOiIxIn0="}]}],"check_results":null}
