{"version":4,"terraform_version":"1.10.7","serial":3,"lineage":"e6688432-354b-b743-a5bf-d6863e353b50","outputs":{"ssh_port":{"value":31052,"type":"number"},"ssh_user":{"value":"leoadmin","type":"string"},"web_port":{"value":30496,"type":"number"}},"resources":[{"mode":"managed","type":"kubernetes_config_map_v1","name":"web_content","provider":"provider[\"registry.opentofu.org/hashicorp/kubernetes\"]","instances":[{"schema_version":0,"attributes":{"binary_data":null,"data":{"index.html":"\u003c!DOCTYPE html\u003e\n\u003chtml lang=\"es\"\u003e\n\u003chead\u003e\u003ctitle\u003eCliente SYLO HA\u003c/title\u003e\u003c/head\u003e\n\u003cbody\u003e\u003ch1\u003ePlan ORO Activo\u003c/h1\u003e\u003c/body\u003e\n\u003c/html\u003e\n"},"id":"default/web-content-config","immutable":false,"metadata":[{"annotations":null,"generate_name":"","generation":0,"labels":null,"name":"web-content-config","namespace":"default","resource_version":"421","uid":"b1db12c6-26bd-4ddd-8350-ffa9e599c6bd"}]},"sensitive_attributes":[],"private":"bnVsbA=="}]},{"mode":"managed","type":"kubernetes_deployment_v1","name":"ssh_server","provider":"provider[\"registry.opentofu.org/hashicorp/kubernetes\"]","instances":[{"schema_version":1,"attributes":{"id":"default/ssh-server","metadata":[{"annotations":null,"generate_name":"","generation":1,"labels":{"cluster":"sylo-cliente-3"},"name":"ssh-server","namespace":"default","resource_version":"503","uid":"2001bf7b-2b2d-4c9d-b8fc-8b47c50e0ae6"}],"spec":[{"min_ready_seconds":0,"paused":false,"progress_deadline_seconds":600,"replicas":"1","revision_history_limit":10,"selector":[{"match_expressions":[],"match_labels":{"app":"ssh-server"}}],"strategy":[{"rolling_update":[{"max_surge":"25%","max_unavailable":"25%"}],"type":"RollingUpdate"}],"template":[{"metadata":[{"annotations":null,"generate_name":"","generation":0,"labels":{"app":"ssh-server"},"name":"","namespace":"","resource_version":"","uid":""}],"spec":[{"active_deadline_seconds":0,"affinity":[],"automount_service_account_token":true,"container":[{"args":null,"command":null,"env":[{"name":"PASSWORD_ACCESS","value":"true","value_from":[]},{"name":"USER_PASSWORD","value":"wlk1epfLuu2yLTbl","value_from":[]},{"name":"USER_NAME","value":"leoadmin","value_from":[]}],"env_from":[],"image":"lscr.io/linuxserver/openssh-server:latest","image_pull_policy":"Always","lifecycle":[],"liveness_probe":[],"name":"openssh","port":[{"container_port":22,"host_ip":"","host_port":0,"name":"","protocol":"TCP"}],"readiness_probe":[],"resources":[{"limits":{},"requests":{}}],"restart_policy":"","security_context":[],"startup_probe":[],"stdin":false,"stdin_once":false,"termination_message_path":"/dev/termination-log","termination_message_policy":"File","tty":false,"volume_device":[],"volume_mount":[],"working_dir":""}],"dns_config":[],"dns_policy":"ClusterFirst","enable_service_links":true,"host_aliases":[],"host_ipc":false,"host_network":false,"host_pid":false,"hostname":"","image_pull_secrets":[],"init_container":[],"node_name":"","node_selector":null,"os":[],"priority_class_name":"","readiness_gate":[],"restart_policy":"Always","runtime_class_name":"","scheduler_name":"default-scheduler","security_context":[],"service_account_name":"","share_process_namespace":false,"subdomain":"","termination_grace_period_seconds":30,"toleration":[],"topology_spread_constraint":[],"volume":[]}]}]}],"timeouts":null,"wait_for_rollout":true},"sensitive_attributes":[[{"type":"get_attr","value":"spec"},{"type":"index","value":{"value":0,"type":"number"}},{"type":"get_attr","value":"template"},{"type":"index","value":{"value":0,"type":"number"}},{"type":"get_attr","value":"spec"},{"type":"index","value":{"value":0,"type":"number"}},{"type":"get_attr","value":"container"},{"type":"index","value":{"value":0,"type":"number"}},{"type":"get_attr","value":"env"},{"type":"index","value":{"value":1,"type":"number"}},{"type":"get_attr","value":"value"}]],"private":"eyJlMmJmYjczMC1lY2FhLTExZTYtOGY4OC0zNDM2M2JjN2M0YzAiOnsiY3JlYXRlIjo2MDAwMDAwMDAwMDAsImRlbGV0ZSI6NjAwMDAwMDAwMDAwLCJ1cGRhdGUiOjYwMDAwMDAwMDAwMH0sInNjaGVtYV92ZXJzaW9uIjoiMSJ9"}]},{"mode":"managed","type":"kubernetes_deployment_v1","name":"web_ha","provider":"provider[\"registry.opentofu.org/hashicorp/kubernetes\"]","instances":[{"schema_version":1,"attributes":{"id":"default/nginx-ha","metadata":[{"annotations":null,"generate_name":"","generation":1,"labels":{"cluster":"sylo-cliente-3"},"name":"nginx-ha","namespace":"default","resource_version":"523","uid":"08ae32bc-fb7c-4bb2-85b8-5578cc7569ed"}],"spec":[{"min_ready_seconds":0,"paused":false,"progress_deadline_seconds":600,"replicas":"2","revision_history_limit":10,"selector":[{"match_expressions":[],"match_labels":{"app":"web-cliente"}}],"strategy":[{"rolling_update":[{"max_surge":"25%","max_unavailable":"25%"}],"type":"RollingUpdate"}],"template":[{"metadata":[{"annotations":null,"generate_name":"","generation":0,"labels":{"app":"web-cliente"},"name":"","namespace":"","resource_version":"","uid":""}],"spec":[{"active_deadline_seconds":0,"affinity":[],"automount_service_account_token":true,"container":[{"args":null,"command":null,"env":[],"env_from":[],"image":"nginx:alpine","image_pull_policy":"IfNotPresent","lifecycle":[],"liveness_probe":[],"name":"nginx","port":[{"container_port":80,"host_ip":"","host_port":0,"name":"","protocol":"TCP"}],"readiness_probe":[],"resources":[{"limits":{},"requests":{}}],"restart_policy":"","security_context":[],"startup_probe":[],"stdin":false,"stdin_once":false,"termination_message_path":"/dev/termination-log","termination_message_policy":"File","tty":false,"volume_device":[],"volume_mount":[{"mount_path":"/usr/share/nginx/html","mount_propagation":"None","name":"html-volume","read_only":false,"sub_path":"","sub_path_expr":""}],"working_dir":""}],"dns_config":[],"dns_policy":"ClusterFirst","enable_service_links":true,"host_aliases":[],"host_ipc":false,"host_network":false,"host_pid":false,"hostname":"","image_pull_secrets":[],"init_container":[],"node_name":"","node_selector":null,"os":[],"priority_class_name":"","readiness_gate":[],"restart_policy":"Always","runtime_class_name":"","scheduler_name":"default-scheduler","security_context":[],"service_account_name":"","share_process_namespace":false,"subdomain":"","termination_grace_period_seconds":30,"toleration":[],"topology_spread_constraint":[],"volume":[{"aws_elastic_block_store":[],"azure_disk":[],"azure_file":[],"ceph_fs":[],"cinder":[],"config_map":[{"default_mode":"0644","items":[],"name":"web-content-config","optional":false}],"csi":[],"downward_api":[],"empty_dir":[],"ephemeral":[],"fc":[],"flex_volume":[],"flocker":[],"gce_persistent_disk":[],"git_repo":[],"glusterfs":[],"host_path":[],"iscsi":[],"local":[],"name":"html-volume","nfs":[],"persistent_volume_claim":[],"photon_persistent_disk":[],"projected":[],"quobyte":[],"rbd":[],"secret":[],"vsphere_volume":[]}]}]}]}],"timeouts":null,"wait_for_rollout":true},"sensitive_attributes":[],"private":"eyJlMmJmYjczMC1lY2FhLTExZTYtOGY4OC0zNDM2M2JjN2M0YzAiOnsiY3JlYXRlIjo2MDAwMDAwMDAwMDAsImRlbGV0ZSI6NjAwMDAwMDAwMDAwLCJ1cGRhdGUiOjYwMDAwMDAwMDAwMH0sInNjaGVtYV92ZXJzaW9uIjoiMSJ9"}]},{"mode":"managed","type":"kubernetes_service_v1","name":"mysql_master_service","provider":"provider[\"registry.opentofu.org/hashicorp/kubernetes\"]","instances":[{"schema_version":1,"attributes":{"id":"default/mysql-master","metadata":[{"annotations":null,"generate_name":"","generation":0,"labels":{"app":"mysql","cluster":"sylo-cliente-3","role":"master"},"name":"mysql-master","namespace":"default","resource_version":"426","uid":"5901b834-850b-48b3-9ff5-1319bf2abe7a"}],"spec":[{"allocate_load_balancer_node_ports":true,"cluster_ip":"10.100.211.85","cluster_ips":["10.100.211.85"],"external_ips":null,"external_name":"","external_traffic_policy":"","health_check_node_port":0,"internal_traffic_policy":"Cluster","ip_families":["IPv4"],"ip_family_policy":"SingleStack","load_balancer_class":"","load_balancer_ip":"","load_balancer_source_ranges":null,"port":[{"app_protocol":"","name":"","node_port":0,"port":3306,"protocol":"TCP","target_port":"3306"}],"publish_not_ready_addresses":false,"selector":{"app":"mysql","cluster":"sylo-cliente-3","role":"master"},"session_affinity":"None","session_affinity_config":[],"type":"ClusterIP"}],"status":[{"load_balancer":[{"ingress":[]}]}],"timeouts":null,"wait_for_load_balancer":true},"sensitive_attributes":[],"private":"eyJlMmJmYjczMC1lY2FhLTExZTYtOGY4OC0zNDM2M2JjN2M0YzAiOnsiY3JlYXRlIjo2MDAwMDAwMDAwMDB9LCJzY2hlbWFfdmVyc2lvbiI6IjEifQ=="}]},{"mode":"managed","type":"kubernetes_service_v1","name":"ssh_server_service","provider":"provider[\"registry.opentofu.org/hashicorp/kubernetes\"]","instances":[{"schema_version":1,"attributes":{"id":"default/ssh-server-service","metadata":[{"annotations":null,"generate_name":"","generation":0,"labels":null,"name":"ssh-server-service","namespace":"default","resource_version":"433","uid":"8b1f01de-87bc-41bf-9485-b67964b07f5f"}],"spec":[{"allocate_load_balancer_node_ports":true,"cluster_ip":"10.105.157.19","cluster_ips":["10.105.157.19"],"external_ips":null,"external_name":"","external_traffic_policy":"Cluster","health_check_node_port":0,"internal_traffic_policy":"Cluster","ip_families":["IPv4"],"ip_family_policy":"SingleStack","load_balancer_class":"","load_balancer_ip":"","load_balancer_source_ranges":null,"port":[{"app_protocol":"","name":"","node_port":31052,"port":22,"protocol":"TCP","target_port":"22"}],"publish_not_ready_addresses":false,"selector":{"app":"ssh-server"},"session_affinity":"None","session_affinity_config":[],"type":"NodePort"}],"status":[{"load_balancer":[{"ingress":[]}]}],"timeouts":null,"wait_for_load_balancer":true},"sensitive_attributes":[],"private":"eyJlMmJmYjczMC1lY2FhLTExZTYtOGY4OC0zNDM2M2JjN2M0YzAiOnsiY3JlYXRlIjo2MDAwMDAwMDAwMDB9LCJzY2hlbWFfdmVyc2lvbiI6IjEifQ=="}]},{"mode":"managed","type":"kubernetes_service_v1","name":"web_service","provider":"provider[\"registry.opentofu.org/hashicorp/kubernetes\"]","instances":[{"schema_version":1,"attributes":{"id":"default/web-service","metadata":[{"annotations":null,"generate_name":"","generation":0,"labels":null,"name":"web-service","namespace":"default","resource_version":"424","uid":"1036c6b7-caf6-407b-8109-e5c985e5a1fe"}],"spec":[{"allocate_load_balancer_node_ports":true,"cluster_ip":"10.99.149.51","cluster_ips":["10.99.149.51"],"external_ips":null,"external_name":"","external_traffic_policy":"Cluster","health_check_node_port":0,"internal_traffic_policy":"Cluster","ip_families":["IPv4"],"ip_family_policy":"SingleStack","load_balancer_class":"","load_balancer_ip":"","load_balancer_source_ranges":null,"port":[{"app_protocol":"","name":"","node_port":30496,"port":80,"protocol":"TCP","target_port":"80"}],"publish_not_ready_addresses":false,"selector":{"app":"web-cliente"},"session_affinity":"None","session_affinity_config":[],"type":"NodePort"}],"status":[{"load_balancer":[{"ingress":[]}]}],"timeouts":null,"wait_for_load_balancer":true},"sensitive_attributes":[],"private":"eyJlMmJmYjczMC1lY2FhLTExZTYtOGY4OC0zNDM2M2JjN2M0YzAiOnsiY3JlYXRlIjo2MDAwMDAwMDAwMDB9LCJzY2hlbWFfdmVyc2lvbiI6IjEifQ=="}]},{"mode":"managed","type":"kubernetes_stateful_set_v1","name":"mysql_master","provider":"provider[\"registry.opentofu.org/hashicorp/kubernetes\"]","instances":[{"schema_version":1,"attributes":{"id":"default/mysql-master","metadata":[{"annotations":null,"generate_name":"","generation":1,"labels":{"app":"mysql","cluster":"sylo-cliente-3","role":"master"},"name":"mysql-master","namespace":"default","resource_version":"582","uid":"18aa30ea-1da8-4346-bfd9-920122dc3036"}],"spec":[{"min_ready_seconds":0,"persistent_volume_claim_retention_policy":[{"when_deleted":"Retain","when_scaled":"Retain"}],"pod_management_policy":"OrderedReady","replicas":"1","revision_history_limit":0,"selector":[{"match_expressions":[],"match_labels":{"app":"mysql","cluster":"sylo-cliente-3","role":"master"}}],"service_name":"mysql-master","template":[{"metadata":[{"annotations":null,"generate_name":"","generation":0,"labels":{"app":"mysql","cluster":"sylo-cliente-3","role":"master"},"name":"","namespace":"","resource_version":"","uid":""}],"spec":[{"active_deadline_seconds":0,"affinity":[],"automount_service_account_token":true,"container":[{"args":["--server-id=1","--log-bin=mysql-bin","--binlog-do-db=pedido","--max_allowed_packet=32M","--gtid_mode=ON","--enforce-gtid-consistency=ON"],"command":null,"env":[{"name":"MYSQL_ROOT_PASSWORD","value":"password_root","value_from":[]},{"name":"MYSQL_DATABASE","value":"pedido","value_from":[]}],"env_from":[],"image":"mysql:5.7","image_pull_policy":"IfNotPresent","lifecycle":[],"liveness_probe":[],"name":"mysql","port":[{"container_port":3306,"host_ip":"","host_port":0,"name":"","protocol":"TCP"}],"readiness_probe":[],"resources":[{"limits":{},"requests":{}}],"restart_policy":"","security_context":[],"startup_probe":[],"stdin":false,"stdin_once":false,"termination_message_path":"/dev/termination-log","termination_message_policy":"File","tty":false,"volume_device":[],"volume_mount":[],"working_dir":""}],"dns_config":[],"dns_policy":"ClusterFirst","enable_service_links":true,"host_aliases":[],"host_ipc":false,"host_network":false,"host_pid":false,"hostname":"","image_pull_secrets":[],"init_container":[],"node_name":"","node_selector":null,"os":[],"priority_class_name":"","readiness_gate":[],"restart_policy":"Always","runtime_class_name":"","scheduler_name":"default-scheduler","security_context":[],"service_account_name":"","share_process_namespace":false,"subdomain":"","termination_grace_period_seconds":30,"toleration":[],"topology_spread_constraint":[],"volume":[]}]}],"update_strategy":[],"volume_claim_template":[]}],"timeouts":null,"wait_for_rollout":true},"sensitive_attributes":[],"private":"eyJlMmJmYjczMC1lY2FhLTExZTYtOGY4OC0zNDM2M2JjN2M0YzAiOnsiY3JlYXRlIjo2MDAwMDAwMDAwMDAsImRlbGV0ZSI6NjAwMDAwMDAwMDAwLCJyZWFkIjo2MDAwMDAwMDAwMDAsInVwZGF0ZSI6NjAwMDAwMDAwMDAwfSwic2NoZW1hX3ZlcnNpb24iOiIxIn0="}]},{"mode":"managed","type":"kubernetes_stateful_set_v1","name":"mysql_slave","provider":"provider[\"registry.opentofu.org/hashicorp/kubernetes\"]","instances":[{"schema_version":1,"attributes":{"id":"default/mysql-slave","metadata":[{"annotations":null,"generate_name":"","generation":1,"labels":{"app":"mysql","cluster":"sylo-cliente-3","role":"slave"},"name":"mysql-slave","namespace":"default","resource_version":"587","uid":"ba30fc80-4677-4a98-847c-1cf1f4266e96"}],"spec":[{"min_ready_seconds":0,"persistent_volume_claim_retention_policy":[{"when_deleted":"Retain","when_scaled":"Retain"}],"pod_management_policy":"OrderedReady","replicas":"1","revision_history_limit":0,"selector":[{"match_expressions":[],"match_labels":{"app":"mysql","cluster":"sylo-cliente-3","role":"slave"}}],"service_name":"mysql-master","template":[{"metadata":[{"annotations":null,"generate_name":"","generation":0,"labels":{"app":"mysql","cluster":"sylo-cliente-3","role":"slave"},"name":"","namespace":"","resource_version":"","uid":""}],"spec":[{"active_deadline_seconds":0,"affinity":[],"automount_service_account_token":true,"container":[{"args":["--server-id=2","--gtid_mode=ON","--enforce-gtid-consistency=ON","--read_only=ON"],"command":null,"env":[{"name":"MYSQL_ROOT_PASSWORD","value":"password_root","value_from":[]},{"name":"MYSQL_DATABASE","value":"pedido","value_from":[]}],"env_from":[],"image":"mysql:5.7","image_pull_policy":"IfNotPresent","lifecycle":[],"liveness_probe":[],"name":"mysql","port":[{"container_port":3306,"host_ip":"","host_port":0,"name":"","protocol":"TCP"}],"readiness_probe":[],"resources":[{"limits":{},"requests":{}}],"restart_policy":"","security_context":[],"startup_probe":[],"stdin":false,"stdin_once":false,"termination_message_path":"/dev/termination-log","termination_message_policy":"File","tty":false,"volume_device":[],"volume_mount":[],"working_dir":""}],"dns_config":[],"dns_policy":"ClusterFirst","enable_service_links":true,"host_aliases":[],"host_ipc":false,"host_network":false,"host_pid":false,"hostname":"","image_pull_secrets":[],"init_container":[],"node_name":"","node_selector":null,"os":[],"priority_class_name":"","readiness_gate":[],"restart_policy":"Always","runtime_class_name":"","scheduler_name":"default-scheduler","security_context":[],"service_account_name":"","share_process_namespace":false,"subdomain":"","termination_grace_period_seconds":30,"toleration":[],"topology_spread_constraint":[],"volume":[]}]}],"update_strategy":[],"volume_claim_template":[]}],"timeouts":null,"wait_for_rollout":true},"sensitive_attributes":[],"private":"eyJlMmJmYjczMC1lY2FhLTExZTYtOGY4OC0zNDM2M2JjN2M0YzAiOnsiY3JlYXRlIjo2MDAwMDAwMDAwMDAsImRlbGV0ZSI6NjAwMDAwMDAwMDAwLCJyZWFkIjo2MDAwMDAwMDAwMDAsInVwZGF0ZSI6NjAwMDAwMDAwMDAwfSwic2NoZW1hX3ZlcnNpb24iOiIxIn0="}]}],"check_results":null}
