{"version":4,"terraform_version":"1.10.7","serial":1,"lineage":"3e8d3864-d3b4-fca6-a830-59798948b6c4","outputs":{"ssh_port":{"value":"N/A","type":"string"},"web_port":{"value":"N/A","type":"string"}},"resources":[{"mode":"managed","type":"kubernetes_persistent_volume_claim","name":"custom_storage","provider":"provider[\"registry.opentofu.org/hashicorp/kubernetes\"]","instances":[{"schema_version":0,"attributes":{"id":"default/custom-pvc","metadata":[{"annotations":null,"generate_name":"","generation":0,"labels":null,"name":"custom-pvc","namespace":"default","resource_version":"454","uid":"add8f797-623c-42f8-bf26-494da7f1325f"}],"spec":[{"access_modes":["ReadWriteOnce"],"resources":[{"limits":null,"requests":{"storage":"25Gi"}}],"selector":[],"storage_class_name":"standard","volume_mode":"Filesystem","volume_name":"pvc-add8f797-623c-42f8-bf26-494da7f1325f"}],"timeouts":null,"wait_until_bound":true},"sensitive_attributes":[],"private":"eyJlMmJmYjczMC1lY2FhLTExZTYtOGY4OC0zNDM2M2JjN2M0YzAiOnsiY3JlYXRlIjozMDAwMDAwMDAwMDB9fQ=="}]}],"check_results":null}
