{"version":4,"terraform_version":"1.10.7","serial":3,"lineage":"370af3fa-25a4-6fae-f888-e61ac5bfec16","outputs":{"ssh_port":{"value":"30089","type":"string"},"web_port":{"value":"30117","type":"string"}},"resources":[{"mode":"managed","type":"kubernetes_config_map_v1","name":"web_content","provider":"provider[\"registry.opentofu.org/hashicorp/kubernetes\"]","instances":[{"index_key":0,"schema_version":0,"attributes":{"binary_data":null,"data":{"index.html":"\u003ch1\u003ePlan Personalizado Activo\u003c/h1\u003e\n\u003cp\u003eCPU Asignada: 2 Cores\u003c/p\u003e\n\u003cp\u003eRAM Asignada: 2 GB\u003c/p\u003e\n\u003cp\u003eAlmacenamiento: 5 GB\u003c/p\u003e\n\u003chr\u003e\n\u003cp\u003eWeb Server: \u003cstrong\u003enginx\u003c/strong\u003e\u003c/p\u003e\n\u003cp\u003eBase de Datos: \u003cstrong\u003epostgresql\u003c/strong\u003e\u003c/p\u003e\n"},"id":"default/custom-web-content","immutable":false,"metadata":[{"annotations":null,"generate_name":"","generation":0,"labels":null,"name":"custom-web-content","namespace":"default","resource_version":"424","uid":"12012653-40ea-426b-b866-31f8c625a996"}]},"sensitive_attributes":[],"private":"bnVsbA=="}]},{"mode":"managed","type":"kubernetes_deployment_v1","name":"db_postgres","provider":"provider[\"registry.opentofu.org/hashicorp/kubernetes\"]","instances":[{"index_key":0,"schema_version":1,"attributes":{"id":"default/custom-db","metadata":[{"annotations":null,"generate_name":"","generation":1,"labels":null,"name":"custom-db","namespace":"default","resource_version":"541","uid":"08eb366e-57b4-451e-bb01-6cec98bb9449"}],"spec":[{"min_ready_seconds":0,"paused":false,"progress_deadline_seconds":600,"replicas":"1","revision_history_limit":10,"selector":[{"match_expressions":[],"match_labels":{"app":"custom-db"}}],"strategy":[{"rolling_update":[{"max_surge":"25%","max_unavailable":"25%"}],"type":"RollingUpdate"}],"template":[{"metadata":[{"annotations":null,"generate_name":"","generation":0,"labels":{"app":"custom-db"},"name":"","namespace":"","resource_version":"","uid":""}],"spec":[{"active_deadline_seconds":0,"affinity":[],"automount_service_account_token":true,"container":[{"args":null,"command":null,"env":[{"name":"POSTGRES_PASSWORD","value":"root","value_from":[]},{"name":"POSTGRES_DB","value":"custom_db","value_from":[]}],"env_from":[],"image":"postgres:14","image_pull_policy":"IfNotPresent","lifecycle":[],"liveness_probe":[],"name":"postgres","port":[{"container_port":5432,"host_ip":"","host_port":0,"name":"","protocol":"TCP"}],"readiness_probe":[],"resources":[{"limits":{"cpu":"1","memory":"1Gi"},"requests":{}}],"restart_policy":"","security_context":[],"startup_probe":[],"stdin":false,"stdin_once":false,"termination_message_path":"/dev/termination-log","termination_message_policy":"File","tty":false,"volume_device":[],"volume_mount":[{"mount_path":"/var/lib/postgresql/data","mount_propagation":"None","name":"storage-vol","read_only":false,"sub_path":"","sub_path_expr":""}],"working_dir":""}],"dns_config":[],"dns_policy":"ClusterFirst","enable_service_links":true,"host_aliases":[],"host_ipc":false,"host_network":false,"host_pid":false,"hostname":"","image_pull_secrets":[],"init_container":[],"node_name":"","node_selector":null,"os":[],"priority_class_name":"","readiness_gate":[],"restart_policy":"Always","runtime_class_name":"","scheduler_name":"default-scheduler","security_context":[],"service_account_name":"","share_process_namespace":false,"subdomain":"","termination_grace_period_seconds":30,"toleration":[],"topology_spread_constraint":[],"volume":[{"aws_elastic_block_store":[],"azure_disk":[],"azure_file":[],"ceph_fs":[],"cinder":[],"config_map":[],"csi":[],"downward_api":[],"empty_dir":[],"ephemeral":[],"fc":[],"flex_volume":[],"flocker":[],"gce_persistent_disk":[],"git_repo":[],"glusterfs":[],"host_path":[],"iscsi":[],"local":[],"name":"storage-vol","nfs":[],"persistent_volume_claim":[{"claim_name":"custom-pvc","read_only":false}],"photon_persistent_disk":[],"projected":[],"quobyte":[],"rbd":[],"secret":[],"vsphere_volume":[]}]}]}]}],"timeouts":null,"wait_for_rollout":true},"sensitive_attributes":[],"private":"eyJlMmJmYjczMC1lY2FhLTExZTYtOGY4OC0zNDM2M2JjN2M0YzAiOnsiY3JlYXRlIjo2MDAwMDAwMDAwMDAsImRlbGV0ZSI6NjAwMDAwMDAwMDAwLCJ1cGRhdGUiOjYwMDAwMDAwMDAwMH0sInNjaGVtYV92ZXJzaW9uIjoiMSJ9"}]},{"mode":"managed","type":"kubernetes_deployment_v1","name":"web_nginx","provider":"provider[\"registry.opentofu.org/hashicorp/kubernetes\"]","instances":[{"index_key":0,"schema_version":1,"attributes":{"id":"default/custom-web","metadata":[{"annotations":null,"generate_name":"","generation":1,"labels":null,"name":"custom-web","namespace":"default","resource_version":"482","uid":"1af8f9dc-484a-4ebc-b3e6-ab184e9ab586"}],"spec":[{"min_ready_seconds":0,"paused":false,"progress_deadline_seconds":600,"replicas":"1","revision_history_limit":10,"selector":[{"match_expressions":[],"match_labels":{"app":"custom-web"}}],"strategy":[{"rolling_update":[{"max_surge":"25%","max_unavailable":"25%"}],"type":"RollingUpdate"}],"template":[{"metadata":[{"annotations":null,"generate_name":"","generation":0,"labels":{"app":"custom-web"},"name":"","namespace":"","resource_version":"","uid":""}],"spec":[{"active_deadline_seconds":0,"affinity":[],"automount_service_account_token":true,"container":[{"args":null,"command":null,"env":[{"name":"DB_HOST","value":"custom-db-service","value_from":[]}],"env_from":[],"image":"nginx:alpine","image_pull_policy":"IfNotPresent","lifecycle":[],"liveness_probe":[],"name":"web-server","port":[{"container_port":80,"host_ip":"","host_port":0,"name":"","protocol":"TCP"}],"readiness_probe":[],"resources":[{"limits":{"cpu":"1","memory":"1Gi"},"requests":{}}],"restart_policy":"","security_context":[],"startup_probe":[],"stdin":false,"stdin_once":false,"termination_message_path":"/dev/termination-log","termination_message_policy":"File","tty":false,"volume_device":[],"volume_mount":[{"mount_path":"/usr/share/nginx/html","mount_propagation":"None","name":"html-vol","read_only":false,"sub_path":"","sub_path_expr":""}],"working_dir":""},{"args":null,"command":null,"env":[{"name":"PASSWORD_ACCESS","value":"true","value_from":[]},{"name":"USER_PASSWORD","value":"lLb6RVMS7jFsk29p","value_from":[]},{"name":"USER_NAME","value":"cliente","value_from":[]},{"name":"SUDO_ACCESS","value":"true","value_from":[]}],"env_from":[],"image":"lscr.io/linuxserver/openssh-server:latest","image_pull_policy":"Always","lifecycle":[],"liveness_probe":[],"name":"ssh","port":[{"container_port":2222,"host_ip":"","host_port":0,"name":"","protocol":"TCP"}],"readiness_probe":[],"resources":[{"limits":{},"requests":{}}],"restart_policy":"","security_context":[],"startup_probe":[],"stdin":false,"stdin_once":false,"termination_message_path":"/dev/termination-log","termination_message_policy":"File","tty":false,"volume_device":[],"volume_mount":[],"working_dir":""}],"dns_config":[],"dns_policy":"ClusterFirst","enable_service_links":true,"host_aliases":[],"host_ipc":false,"host_network":false,"host_pid":false,"hostname":"","image_pull_secrets":[],"init_container":[],"node_name":"","node_selector":null,"os":[],"priority_class_name":"","readiness_gate":[],"restart_policy":"Always","runtime_class_name":"","scheduler_name":"default-scheduler","security_context":[],"service_account_name":"","share_process_namespace":false,"subdomain":"","termination_grace_period_seconds":30,"toleration":[],"topology_spread_constraint":[],"volume":[{"aws_elastic_block_store":[],"azure_disk":[],"azure_file":[],"ceph_fs":[],"cinder":[],"config_map":[{"default_mode":"0644","items":[],"name":"custom-web-content","optional":false}],"csi":[],"downward_api":[],"empty_dir":[],"ephemeral":[],"fc":[],"flex_volume":[],"flocker":[],"gce_persistent_disk":[],"git_repo":[],"glusterfs":[],"host_path":[],"iscsi":[],"local":[],"name":"html-vol","nfs":[],"persistent_volume_claim":[],"photon_persistent_disk":[],"projected":[],"quobyte":[],"rbd":[],"secret":[],"vsphere_volume":[]}]}]}]}],"timeouts":null,"wait_for_rollout":true},"sensitive_attributes":[[{"type":"get_attr","value":"spec"},{"type":"index","value":{"value":0,"type":"number"}},{"type":"get_attr","value":"template"},{"type":"index","value":{"value":0,"type":"number"}},{"type":"get_attr","value":"spec"},{"type":"index","value":{"value":0,"type":"number"}},{"type":"get_attr","value":"container"},{"type":"index","value":{"value":1,"type":"number"}},{"type":"get_attr","value":"env"},{"type":"index","value":{"value":1,"type":"number"}},{"type":"get_attr","value":"value"}]],"private":"eyJlMmJmYjczMC1lY2FhLTExZTYtOGY4OC0zNDM2M2JjN2M0YzAiOnsiY3JlYXRlIjo2MDAwMDAwMDAwMDAsImRlbGV0ZSI6NjAwMDAwMDAwMDAwLCJ1cGRhdGUiOjYwMDAwMDAwMDAwMH0sInNjaGVtYV92ZXJzaW9uIjoiMSJ9"}]},{"mode":"managed","type":"kubernetes_persistent_volume_claim","name":"custom_storage","provider":"provider[\"registry.opentofu.org/hashicorp/kubernetes\"]","instances":[{"schema_version":0,"attributes":{"id":"default/custom-pvc","metadata":[{"annotations":null,"generate_name":"","generation":0,"labels":null,"name":"custom-pvc","namespace":"default","resource_version":"502","uid":"d9042224-99ab-4f3d-ab97-f95f42d36024"}],"spec":[{"access_modes":["ReadWriteOnce"],"resources":[{"limits":null,"requests":{"storage":"5Gi"}}],"selector":[],"storage_class_name":"standard","volume_mode":"Filesystem","volume_name":"pvc-d9042224-99ab-4f3d-ab97-f95f42d36024"}],"timeouts":null,"wait_until_bound":true},"sensitive_attributes":[],"private":"eyJlMmJmYjczMC1lY2FhLTExZTYtOGY4OC0zNDM2M2JjN2M0YzAiOnsiY3JlYXRlIjozMDAwMDAwMDAwMDB9fQ=="}]},{"mode":"managed","type":"kubernetes_service_v1","name":"svc_postgres","provider":"provider[\"registry.opentofu.org/hashicorp/kubernetes\"]","instances":[{"index_key":0,"schema_version":1,"attributes":{"id":"default/custom-db-service","metadata":[{"annotations":null,"generate_name":"","generation":0,"labels":null,"name":"custom-db-service","namespace":"default","resource_version":"429","uid":"cd46a12a-fe50-48f7-8dc0-cba10bbc6061"}],"spec":[{"allocate_load_balancer_node_ports":true,"cluster_ip":"10.109.38.73","cluster_ips":["10.109.38.73"],"external_ips":null,"external_name":"","external_traffic_policy":"","health_check_node_port":0,"internal_traffic_policy":"Cluster","ip_families":["IPv4"],"ip_family_policy":"SingleStack","load_balancer_class":"","load_balancer_ip":"","load_balancer_source_ranges":null,"port":[{"app_protocol":"","name":"","node_port":0,"port":5432,"protocol":"TCP","target_port":"5432"}],"publish_not_ready_addresses":false,"selector":{"app":"custom-db"},"session_affinity":"None","session_affinity_config":[],"type":"ClusterIP"}],"status":[{"load_balancer":[{"ingress":[]}]}],"timeouts":null,"wait_for_load_balancer":true},"sensitive_attributes":[],"private":"eyJlMmJmYjczMC1lY2FhLTExZTYtOGY4OC0zNDM2M2JjN2M0YzAiOnsiY3JlYXRlIjo2MDAwMDAwMDAwMDB9LCJzY2hlbWFfdmVyc2lvbiI6IjEifQ=="}]},{"mode":"managed","type":"kubernetes_service_v1","name":"web_service","provider":"provider[\"registry.opentofu.org/hashicorp/kubernetes\"]","instances":[{"index_key":0,"schema_version":1,"attributes":{"id":"default/custom-web-service","metadata":[{"annotations":null,"generate_name":"","generation":0,"labels":null,"name":"custom-web-service","namespace":"default","resource_version":"431","uid":"4505734e-41f8-4644-8830-4021dc72bbc2"}],"spec":[{"allocate_load_balancer_node_ports":true,"cluster_ip":"10.100.183.145","cluster_ips":["10.100.183.145"],"external_ips":null,"external_name":"","external_traffic_policy":"Cluster","health_check_node_port":0,"internal_traffic_policy":"Cluster","ip_families":["IPv4"],"ip_family_policy":"SingleStack","load_balancer_class":"","load_balancer_ip":"","load_balancer_source_ranges":null,"port":[{"app_protocol":"","name":"http","node_port":30117,"port":80,"protocol":"TCP","target_port":"80"},{"app_protocol":"","name":"ssh","node_port":30089,"port":22,"protocol":"TCP","target_port":"2222"}],"publish_not_ready_addresses":false,"selector":{"app":"custom-web"},"session_affinity":"None","session_affinity_config":[],"type":"NodePort"}],"status":[{"load_balancer":[{"ingress":[]}]}],"timeouts":null,"wait_for_load_balancer":true},"sensitive_attributes":[],"private":"eyJlMmJmYjczMC1lY2FhLTExZTYtOGY4OC0zNDM2M2JjN2M0YzAiOnsiY3JlYXRlIjo2MDAwMDAwMDAwMDB9LCJzY2hlbWFfdmVyc2lvbiI6IjEifQ=="}]}],"check_results":null}
